
Microsoft Visual Studio Solution File, Format Version 12.00
# Visual Studio Version 17
VisualStudioVersion = 17.14.36414.22 d17.14
MinimumVisualStudioVersion = 10.0.40219.1
Project("{8BC9CEB8-8B4A-11D0-8D11-00A0C91BC942}") = "ConsoleApplication1", "ConsoleApplication1\ConsoleApplication1.vcxproj", "{EA55C1D7-2370-454F-B512-3413C435123C}"
EndProject
Global
	GlobalSection(SolutionConfigurationPlatforms) = preSolution
		Debug|x64 = Debug|x64
		Debug|x86 = Debug|x86
		Release|x64 = Release|x64
		Release|x86 = Release|x86
	EndGlobalSection
	GlobalSection(ProjectConfigurationPlatforms) = postSolution
		{EA55C1D7-2370-454F-B512-3413C435123C}.Debug|x64.ActiveCfg = Debug|x64
		{EA55C1D7-2370-454F-B512-3413C435123C}.Debug|x64.Build.0 = Debug|x64
		{EA55C1D7-2370-454F-B512-3413C435123C}.Debug|x86.ActiveCfg = Debug|Win32
		{EA55C1D7-2370-454F-B512-3413C435123C}.Debug|x86.Build.0 = Debug|Win32
		{EA55C1D7-2370-454F-B512-3413C435123C}.Release|x64.ActiveCfg = Release|x64
		{EA55C1D7-2370-454F-B512-3413C435123C}.Release|x64.Build.0 = Release|x64
		{EA55C1D7-2370-454F-B512-3413C435123C}.Release|x86.ActiveCfg = Release|Win32
		{EA55C1D7-2370-454F-B512-3413C435123C}.Release|x86.Build.0 = Release|Win32
	EndGlobalSection
	GlobalSection(SolutionProperties) = preSolution
		HideSolutionNode = FALSE
	EndGlobalSection
	GlobalSection(ExtensibilityGlobals) = postSolution
		SolutionGuid = {D87AF15C-82C6-4559-B3D4-11F8572C4939}
	EndGlobalSection
EndGlobal
